
Microsoft Visual Studio Solution File, Format Version 12.00
# Visual Studio 2012
Project("{FAE04EC0-301F-11D3-BF4B-00C04F79EFBC}") = "XdtMono.Tests", "XdtMono.Tests\XdtMono.Tests.csproj", "{EEE800EB-AB14-41E7-8727-3B4AFC9CA22E}"
EndProject
Global
	GlobalSection(SolutionConfigurationPlatforms) = preSolution
		Debug|Any CPU = Debug|Any CPU
		Release|Any CPU = Release|Any CPU
	EndGlobalSection
	GlobalSection(ProjectConfigurationPlatforms) = postSolution
		{EEE800EB-AB14-41E7-8727-3B4AFC9CA22E}.Debug|Any CPU.ActiveCfg = Debug|Any CPU
		{EEE800EB-AB14-41E7-8727-3B4AFC9CA22E}.Debug|Any CPU.Build.0 = Debug|Any CPU
		{EEE800EB-AB14-41E7-8727-3B4AFC9CA22E}.Release|Any CPU.ActiveCfg = Release|Any CPU
		{EEE800EB-AB14-41E7-8727-3B4AFC9CA22E}.Release|Any CPU.Build.0 = Release|Any CPU
	EndGlobalSection
	GlobalSection(MonoDevelopProperties) = preSolution
		StartupItem = XdtMono.Tests\XdtMono.Tests.csproj
	EndGlobalSection
EndGlobal
